// !$*UTF8*$!
{
	archiveVersion = 1;
	classes = {
	};
	objectVersion = 50;
	objects = {

/* Begin PBXBuildFile section */
		834FACE120DABA6D00D2F8C3 /* UserSetupViewController.swift in Sources */ = {isa = PBXBuildFile; fileRef = 834FACE020DABA6D00D2F8C3 /* UserSetupViewController.swift */; };
		834FACE720DC344A00D2F8C3 /* UIFontSize.swift in Sources */ = {isa = PBXBuildFile; fileRef = 834FACE620DC344A00D2F8C3 /* UIFontSize.swift */; };
		83EC07F520DC5ED300A252F1 /* BlackJackViewController.swift in Sources */ = {isa = PBXBuildFile; fileRef = DD906DAB20D4C2E600501074 /* BlackJackViewController.swift */; };
		DD1335DB20E60B9700FAE7A9 /* UIDeviceInfo.swift in Sources */ = {isa = PBXBuildFile; fileRef = DD1335DA20E60B9700FAE7A9 /* UIDeviceInfo.swift */; };
		DD1335DD20E6157300FAE7A9 /* TapticHelper.swift in Sources */ = {isa = PBXBuildFile; fileRef = DD1335DC20E6157300FAE7A9 /* TapticHelper.swift */; };
		DD4AEF7520D4E6B2001235BA /* Card.swift in Sources */ = {isa = PBXBuildFile; fileRef = DD4AEF7420D4E6B2001235BA /* Card.swift */; };
		DD4AEF7820D4E8A3001235BA /* CARD_SUIT.swift in Sources */ = {isa = PBXBuildFile; fileRef = DD4AEF7720D4E8A3001235BA /* CARD_SUIT.swift */; };
		DD4AEF7A20D4E914001235BA /* Player.swift in Sources */ = {isa = PBXBuildFile; fileRef = DD4AEF7920D4E914001235BA /* Player.swift */; };
		DD4AEF7C20D4EAC8001235BA /* Dealer.swift in Sources */ = {isa = PBXBuildFile; fileRef = DD4AEF7B20D4EAC8001235BA /* Dealer.swift */; };
		DD4AEF7E20D4EB83001235BA /* Deck.swift in Sources */ = {isa = PBXBuildFile; fileRef = DD4AEF7D20D4EB83001235BA /* Deck.swift */; };
		DD4AEF8020D4F3FD001235BA /* CARD_RANK.swift in Sources */ = {isa = PBXBuildFile; fileRef = DD4AEF7F20D4F3FD001235BA /* CARD_RANK.swift */; };
		DD4AEF8220D51D03001235BA /* USER_ACTION.swift in Sources */ = {isa = PBXBuildFile; fileRef = DD4AEF8120D51D03001235BA /* USER_ACTION.swift */; };
		DD4AF52520D58238001235BA /* PaddingLabel.swift in Sources */ = {isa = PBXBuildFile; fileRef = DD4AF52420D58238001235BA /* PaddingLabel.swift */; };
		DD4AF52720D593A1001235BA /* ELEMENT_STATE.swift in Sources */ = {isa = PBXBuildFile; fileRef = DD4AF52620D593A1001235BA /* ELEMENT_STATE.swift */; };
		DD4AF52920D59455001235BA /* ELEMENT_TYPE.swift in Sources */ = {isa = PBXBuildFile; fileRef = DD4AF52820D59455001235BA /* ELEMENT_TYPE.swift */; };
		DD4AF53420D769EC001235BA /* config.swift in Sources */ = {isa = PBXBuildFile; fileRef = DD4AF53320D769EC001235BA /* config.swift */; };
		DD4AF53620D76CCE001235BA /* PlayerSettings.swift in Sources */ = {isa = PBXBuildFile; fileRef = DD4AF53520D76CCE001235BA /* PlayerSettings.swift */; };
		DD4AF53920D9D588001235BA /* PaddingHelper.swift in Sources */ = {isa = PBXBuildFile; fileRef = DD4AF53820D9D588001235BA /* PaddingHelper.swift */; };
		DD4AF53B20D9D6B7001235BA /* CardHelper.swift in Sources */ = {isa = PBXBuildFile; fileRef = DD4AF53A20D9D6B7001235BA /* CardHelper.swift */; };
		DD4C71D820DA36C1004E5720 /* UIViewSubViews.swift in Sources */ = {isa = PBXBuildFile; fileRef = DD4C71D720DA36C1004E5720 /* UIViewSubViews.swift */; };
		DD4C720920DA4342004E5720 /* Roboto Mono Bold Italic for Powerline.ttf in Resources */ = {isa = PBXBuildFile; fileRef = DD4C71FC20DA433B004E5720 /* Roboto Mono Bold Italic for Powerline.ttf */; };
		DD4C720A20DA4342004E5720 /* FuraMono-Bold Powerline.otf in Resources */ = {isa = PBXBuildFile; fileRef = DD4C71FD20DA433C004E5720 /* FuraMono-Bold Powerline.otf */; };
		DD4C720B20DA4342004E5720 /* Roboto Mono for Powerline.ttf in Resources */ = {isa = PBXBuildFile; fileRef = DD4C71FE20DA433C004E5720 /* Roboto Mono for Powerline.ttf */; };
		DD4C720C20DA4342004E5720 /* Roboto Mono Medium Italic for Powerline.ttf in Resources */ = {isa = PBXBuildFile; fileRef = DD4C71FF20DA433D004E5720 /* Roboto Mono Medium Italic for Powerline.ttf */; };
		DD4C720D20DA4342004E5720 /* Roboto Mono Thin Italic for Powerline.ttf in Resources */ = {isa = PBXBuildFile; fileRef = DD4C720020DA433D004E5720 /* Roboto Mono Thin Italic for Powerline.ttf */; };
		DD4C720E20DA4342004E5720 /* FuraMono-Regular Powerline.otf in Resources */ = {isa = PBXBuildFile; fileRef = DD4C720120DA433E004E5720 /* FuraMono-Regular Powerline.otf */; };
		DD4C720F20DA4342004E5720 /* FuraMono-Medium Powerline.otf in Resources */ = {isa = PBXBuildFile; fileRef = DD4C720220DA433F004E5720 /* FuraMono-Medium Powerline.otf */; };
		DD4C721020DA4342004E5720 /* Roboto Mono Medium for Powerline.ttf in Resources */ = {isa = PBXBuildFile; fileRef = DD4C720320DA433F004E5720 /* Roboto Mono Medium for Powerline.ttf */; };
		DD4C721120DA4342004E5720 /* Roboto Mono Italic for Powerline.ttf in Resources */ = {isa = PBXBuildFile; fileRef = DD4C720420DA4340004E5720 /* Roboto Mono Italic for Powerline.ttf */; };
		DD4C721220DA4342004E5720 /* Roboto Mono Light Italic for Powerline.ttf in Resources */ = {isa = PBXBuildFile; fileRef = DD4C720520DA4340004E5720 /* Roboto Mono Light Italic for Powerline.ttf */; };
		DD4C721320DA4342004E5720 /* Roboto Mono Light for Powerline.ttf in Resources */ = {isa = PBXBuildFile; fileRef = DD4C720620DA4341004E5720 /* Roboto Mono Light for Powerline.ttf */; };
		DD4C721420DA4342004E5720 /* Roboto Mono Thin for Powerline.ttf in Resources */ = {isa = PBXBuildFile; fileRef = DD4C720720DA4341004E5720 /* Roboto Mono Thin for Powerline.ttf */; };
		DD4C721520DA4342004E5720 /* Roboto Mono Bold for Powerline.ttf in Resources */ = {isa = PBXBuildFile; fileRef = DD4C720820DA4342004E5720 /* Roboto Mono Bold for Powerline.ttf */; };
		DD5C034520D9F9F3004B2843 /* UIViewSafeArea.swift in Sources */ = {isa = PBXBuildFile; fileRef = DD5C034420D9F9F3004B2843 /* UIViewSafeArea.swift */; };
		DD906DAA20D4C2E600501074 /* AppDelegate.swift in Sources */ = {isa = PBXBuildFile; fileRef = DD906DA920D4C2E600501074 /* AppDelegate.swift */; };
		DD906DAF20D4C2E600501074 /* Main.storyboard in Resources */ = {isa = PBXBuildFile; fileRef = DD906DAD20D4C2E600501074 /* Main.storyboard */; };
		DD906DB220D4C2E600501074 /* BlackJackBuddy.xcdatamodeld in Sources */ = {isa = PBXBuildFile; fileRef = DD906DB020D4C2E600501074 /* BlackJackBuddy.xcdatamodeld */; };
		DD906DB420D4C2E800501074 /* Assets.xcassets in Resources */ = {isa = PBXBuildFile; fileRef = DD906DB320D4C2E800501074 /* Assets.xcassets */; };
		DD906DB720D4C2E800501074 /* LaunchScreen.storyboard in Resources */ = {isa = PBXBuildFile; fileRef = DD906DB520D4C2E800501074 /* LaunchScreen.storyboard */; };
		DD906DC220D4C2E800501074 /* BlackJackBuddyTests.swift in Sources */ = {isa = PBXBuildFile; fileRef = DD906DC120D4C2E800501074 /* BlackJackBuddyTests.swift */; };
		DD906DCD20D4C2E800501074 /* BlackJackBuddyUITests.swift in Sources */ = {isa = PBXBuildFile; fileRef = DD906DCC20D4C2E800501074 /* BlackJackBuddyUITests.swift */; };
		DDB26A16210DAB00001564A9 /* PlayerRecord.swift in Sources */ = {isa = PBXBuildFile; fileRef = DDB26A15210DAB00001564A9 /* PlayerRecord.swift */; };
		DDB26A18210DB09D001564A9 /* SharingManager.swift in Sources */ = {isa = PBXBuildFile; fileRef = DDB26A17210DB09D001564A9 /* SharingManager.swift */; };
		DDCE72A22109BFC100C75A4B /* LayoutHelper.swift in Sources */ = {isa = PBXBuildFile; fileRef = DDCE72A12109BFC100C75A4B /* LayoutHelper.swift */; };
		DDD83C2F210DC0D80086B9D8 /* HAND_VALUE_TYPE.swift in Sources */ = {isa = PBXBuildFile; fileRef = DDD83C2E210DC0D80086B9D8 /* HAND_VALUE_TYPE.swift */; };
		DDD83C31210DFBFE0086B9D8 /* SuggestedPlayHelper.swift in Sources */ = {isa = PBXBuildFile; fileRef = DDD83C30210DFBFE0086B9D8 /* SuggestedPlayHelper.swift */; };
		DDD83C33210DFEE30086B9D8 /* GlowingButton.swift in Sources */ = {isa = PBXBuildFile; fileRef = DDD83C32210DFEE30086B9D8 /* GlowingButton.swift */; };
		F834ED5B7C546F174F0C41D3 /* Pods_BlackjackBuddy.framework in Frameworks */ = {isa = PBXBuildFile; fileRef = 99835842FE92FD03AA463092 /* Pods_BlackjackBuddy.framework */; };
/* End PBXBuildFile section */

/* Begin PBXContainerItemProxy section */
		DD906DBE20D4C2E800501074 /* PBXContainerItemProxy */ = {
			isa = PBXContainerItemProxy;
			containerPortal = DD906D9E20D4C2E600501074 /* Project object */;
			proxyType = 1;
			remoteGlobalIDString = DD906DA520D4C2E600501074;
			remoteInfo = BlackjackBuddy;
		};
		DD906DC920D4C2E800501074 /* PBXContainerItemProxy */ = {
			isa = PBXContainerItemProxy;
			containerPortal = DD906D9E20D4C2E600501074 /* Project object */;
			proxyType = 1;
			remoteGlobalIDString = DD906DA520D4C2E600501074;
			remoteInfo = BlackjackBuddy;
		};
/* End PBXContainerItemProxy section */

/* Begin PBXFileReference section */
		4E9DAB52EC393402D7B2E898 /* Pods-BlackjackBuddy.release.xcconfig */ = {isa = PBXFileReference; includeInIndex = 1; lastKnownFileType = text.xcconfig; name = "Pods-BlackjackBuddy.release.xcconfig"; path = "BlackJackBuddy/Pods/Target Support Files/Pods-BlackjackBuddy/Pods-BlackjackBuddy.release.xcconfig"; sourceTree = "<group>"; };
		834FACE020DABA6D00D2F8C3 /* UserSetupViewController.swift */ = {isa = PBXFileReference; lastKnownFileType = sourcecode.swift; path = UserSetupViewController.swift; sourceTree = "<group>"; };
		834FACE620DC344A00D2F8C3 /* UIFontSize.swift */ = {isa = PBXFileReference; lastKnownFileType = sourcecode.swift; path = UIFontSize.swift; sourceTree = "<group>"; };
		99835842FE92FD03AA463092 /* Pods_BlackjackBuddy.framework */ = {isa = PBXFileReference; explicitFileType = wrapper.framework; includeInIndex = 0; path = Pods_BlackjackBuddy.framework; sourceTree = BUILT_PRODUCTS_DIR; };
		D2D1953746542866FC0287BF /* Pods-BlackjackBuddy.debug.xcconfig */ = {isa = PBXFileReference; includeInIndex = 1; lastKnownFileType = text.xcconfig; name = "Pods-BlackjackBuddy.debug.xcconfig"; path = "BlackJackBuddy/Pods/Target Support Files/Pods-BlackjackBuddy/Pods-BlackjackBuddy.debug.xcconfig"; sourceTree = "<group>"; };
		DD1335DA20E60B9700FAE7A9 /* UIDeviceInfo.swift */ = {isa = PBXFileReference; lastKnownFileType = sourcecode.swift; path = UIDeviceInfo.swift; sourceTree = "<group>"; };
		DD1335DC20E6157300FAE7A9 /* TapticHelper.swift */ = {isa = PBXFileReference; lastKnownFileType = sourcecode.swift; path = TapticHelper.swift; sourceTree = "<group>"; };
		DD4AEF7420D4E6B2001235BA /* Card.swift */ = {isa = PBXFileReference; lastKnownFileType = sourcecode.swift; path = Card.swift; sourceTree = "<group>"; };
		DD4AEF7720D4E8A3001235BA /* CARD_SUIT.swift */ = {isa = PBXFileReference; lastKnownFileType = sourcecode.swift; path = CARD_SUIT.swift; sourceTree = "<group>"; };
		DD4AEF7920D4E914001235BA /* Player.swift */ = {isa = PBXFileReference; lastKnownFileType = sourcecode.swift; path = Player.swift; sourceTree = "<group>"; };
		DD4AEF7B20D4EAC8001235BA /* Dealer.swift */ = {isa = PBXFileReference; lastKnownFileType = sourcecode.swift; path = Dealer.swift; sourceTree = "<group>"; };
		DD4AEF7D20D4EB83001235BA /* Deck.swift */ = {isa = PBXFileReference; lastKnownFileType = sourcecode.swift; path = Deck.swift; sourceTree = "<group>"; };
		DD4AEF7F20D4F3FD001235BA /* CARD_RANK.swift */ = {isa = PBXFileReference; lastKnownFileType = sourcecode.swift; path = CARD_RANK.swift; sourceTree = "<group>"; };
		DD4AEF8120D51D03001235BA /* USER_ACTION.swift */ = {isa = PBXFileReference; lastKnownFileType = sourcecode.swift; path = USER_ACTION.swift; sourceTree = "<group>"; };
		DD4AF52420D58238001235BA /* PaddingLabel.swift */ = {isa = PBXFileReference; lastKnownFileType = sourcecode.swift; path = PaddingLabel.swift; sourceTree = "<group>"; };
		DD4AF52620D593A1001235BA /* ELEMENT_STATE.swift */ = {isa = PBXFileReference; lastKnownFileType = sourcecode.swift; path = ELEMENT_STATE.swift; sourceTree = "<group>"; };
		DD4AF52820D59455001235BA /* ELEMENT_TYPE.swift */ = {isa = PBXFileReference; lastKnownFileType = sourcecode.swift; path = ELEMENT_TYPE.swift; sourceTree = "<group>"; };
		DD4AF53320D769EC001235BA /* config.swift */ = {isa = PBXFileReference; lastKnownFileType = sourcecode.swift; path = config.swift; sourceTree = "<group>"; };
		DD4AF53520D76CCE001235BA /* PlayerSettings.swift */ = {isa = PBXFileReference; lastKnownFileType = sourcecode.swift; path = PlayerSettings.swift; sourceTree = "<group>"; };
		DD4AF53820D9D588001235BA /* PaddingHelper.swift */ = {isa = PBXFileReference; lastKnownFileType = sourcecode.swift; path = PaddingHelper.swift; sourceTree = "<group>"; };
		DD4AF53A20D9D6B7001235BA /* CardHelper.swift */ = {isa = PBXFileReference; lastKnownFileType = sourcecode.swift; path = CardHelper.swift; sourceTree = "<group>"; };
		DD4C71D720DA36C1004E5720 /* UIViewSubViews.swift */ = {isa = PBXFileReference; lastKnownFileType = sourcecode.swift; path = UIViewSubViews.swift; sourceTree = "<group>"; };
		DD4C71FC20DA433B004E5720 /* Roboto Mono Bold Italic for Powerline.ttf */ = {isa = PBXFileReference; lastKnownFileType = file; path = "Roboto Mono Bold Italic for Powerline.ttf"; sourceTree = "<group>"; };
		DD4C71FD20DA433C004E5720 /* FuraMono-Bold Powerline.otf */ = {isa = PBXFileReference; lastKnownFileType = file; path = "FuraMono-Bold Powerline.otf"; sourceTree = "<group>"; };
		DD4C71FE20DA433C004E5720 /* Roboto Mono for Powerline.ttf */ = {isa = PBXFileReference; lastKnownFileType = file; path = "Roboto Mono for Powerline.ttf"; sourceTree = "<group>"; };
		DD4C71FF20DA433D004E5720 /* Roboto Mono Medium Italic for Powerline.ttf */ = {isa = PBXFileReference; lastKnownFileType = file; path = "Roboto Mono Medium Italic for Powerline.ttf"; sourceTree = "<group>"; };
		DD4C720020DA433D004E5720 /* Roboto Mono Thin Italic for Powerline.ttf */ = {isa = PBXFileReference; lastKnownFileType = file; path = "Roboto Mono Thin Italic for Powerline.ttf"; sourceTree = "<group>"; };
		DD4C720120DA433E004E5720 /* FuraMono-Regular Powerline.otf */ = {isa = PBXFileReference; lastKnownFileType = file; path = "FuraMono-Regular Powerline.otf"; sourceTree = "<group>"; };
		DD4C720220DA433F004E5720 /* FuraMono-Medium Powerline.otf */ = {isa = PBXFileReference; lastKnownFileType = file; path = "FuraMono-Medium Powerline.otf"; sourceTree = "<group>"; };
		DD4C720320DA433F004E5720 /* Roboto Mono Medium for Powerline.ttf */ = {isa = PBXFileReference; lastKnownFileType = file; path = "Roboto Mono Medium for Powerline.ttf"; sourceTree = "<group>"; };
		DD4C720420DA4340004E5720 /* Roboto Mono Italic for Powerline.ttf */ = {isa = PBXFileReference; lastKnownFileType = file; path = "Roboto Mono Italic for Powerline.ttf"; sourceTree = "<group>"; };
		DD4C720520DA4340004E5720 /* Roboto Mono Light Italic for Powerline.ttf */ = {isa = PBXFileReference; lastKnownFileType = file; path = "Roboto Mono Light Italic for Powerline.ttf"; sourceTree = "<group>"; };
		DD4C720620DA4341004E5720 /* Roboto Mono Light for Powerline.ttf */ = {isa = PBXFileReference; lastKnownFileType = file; path = "Roboto Mono Light for Powerline.ttf"; sourceTree = "<group>"; };
		DD4C720720DA4341004E5720 /* Roboto Mono Thin for Powerline.ttf */ = {isa = PBXFileReference; lastKnownFileType = file; path = "Roboto Mono Thin for Powerline.ttf"; sourceTree = "<group>"; };
		DD4C720820DA4342004E5720 /* Roboto Mono Bold for Powerline.ttf */ = {isa = PBXFileReference; lastKnownFileType = file; path = "Roboto Mono Bold for Powerline.ttf"; sourceTree = "<group>"; };
		DD5C034420D9F9F3004B2843 /* UIViewSafeArea.swift */ = {isa = PBXFileReference; lastKnownFileType = sourcecode.swift; path = UIViewSafeArea.swift; sourceTree = "<group>"; };
		DD906DA620D4C2E600501074 /* BlackjackBuddy.app */ = {isa = PBXFileReference; explicitFileType = wrapper.application; includeInIndex = 0; path = BlackjackBuddy.app; sourceTree = BUILT_PRODUCTS_DIR; };
		DD906DA920D4C2E600501074 /* AppDelegate.swift */ = {isa = PBXFileReference; lastKnownFileType = sourcecode.swift; path = AppDelegate.swift; sourceTree = "<group>"; };
		DD906DAB20D4C2E600501074 /* BlackJackViewController.swift */ = {isa = PBXFileReference; lastKnownFileType = sourcecode.swift; path = BlackJackViewController.swift; sourceTree = "<group>"; };
		DD906DAE20D4C2E600501074 /* Base */ = {isa = PBXFileReference; lastKnownFileType = file.storyboard; name = Base; path = Base.lproj/Main.storyboard; sourceTree = "<group>"; };
		DD906DB120D4C2E600501074 /* BlackJackBuddy.xcdatamodel */ = {isa = PBXFileReference; lastKnownFileType = wrapper.xcdatamodel; path = BlackJackBuddy.xcdatamodel; sourceTree = "<group>"; };
		DD906DB320D4C2E800501074 /* Assets.xcassets */ = {isa = PBXFileReference; lastKnownFileType = folder.assetcatalog; name = Assets.xcassets; path = BlackJackBuddy/Assets.xcassets; sourceTree = SOURCE_ROOT; };
		DD906DB620D4C2E800501074 /* Base */ = {isa = PBXFileReference; lastKnownFileType = file.storyboard; name = Base; path = Base.lproj/LaunchScreen.storyboard; sourceTree = "<group>"; };
		DD906DB820D4C2E800501074 /* Info.plist */ = {isa = PBXFileReference; lastKnownFileType = text.plist.xml; path = Info.plist; sourceTree = "<group>"; };
		DD906DBD20D4C2E800501074 /* BlackjackBuddyTests.xctest */ = {isa = PBXFileReference; explicitFileType = wrapper.cfbundle; includeInIndex = 0; path = BlackjackBuddyTests.xctest; sourceTree = BUILT_PRODUCTS_DIR; };
		DD906DC120D4C2E800501074 /* BlackJackBuddyTests.swift */ = {isa = PBXFileReference; lastKnownFileType = sourcecode.swift; path = BlackJackBuddyTests.swift; sourceTree = "<group>"; };
		DD906DC320D4C2E800501074 /* Info.plist */ = {isa = PBXFileReference; lastKnownFileType = text.plist.xml; path = Info.plist; sourceTree = "<group>"; };
		DD906DC820D4C2E800501074 /* BlackjackBuddyUITests.xctest */ = {isa = PBXFileReference; explicitFileType = wrapper.cfbundle; includeInIndex = 0; path = BlackjackBuddyUITests.xctest; sourceTree = BUILT_PRODUCTS_DIR; };
		DD906DCC20D4C2E800501074 /* BlackJackBuddyUITests.swift */ = {isa = PBXFileReference; lastKnownFileType = sourcecode.swift; path = BlackJackBuddyUITests.swift; sourceTree = "<group>"; };
		DD906DCE20D4C2E800501074 /* Info.plist */ = {isa = PBXFileReference; lastKnownFileType = text.plist.xml; path = Info.plist; sourceTree = "<group>"; };
		DDB26A15210DAB00001564A9 /* PlayerRecord.swift */ = {isa = PBXFileReference; lastKnownFileType = sourcecode.swift; path = PlayerRecord.swift; sourceTree = "<group>"; };
		DDB26A17210DB09D001564A9 /* SharingManager.swift */ = {isa = PBXFileReference; lastKnownFileType = sourcecode.swift; path = SharingManager.swift; sourceTree = "<group>"; };
		DDCE72A12109BFC100C75A4B /* LayoutHelper.swift */ = {isa = PBXFileReference; lastKnownFileType = sourcecode.swift; path = LayoutHelper.swift; sourceTree = "<group>"; };
		DDD83C2E210DC0D80086B9D8 /* HAND_VALUE_TYPE.swift */ = {isa = PBXFileReference; lastKnownFileType = sourcecode.swift; path = HAND_VALUE_TYPE.swift; sourceTree = "<group>"; };
		DDD83C30210DFBFE0086B9D8 /* SuggestedPlayHelper.swift */ = {isa = PBXFileReference; lastKnownFileType = sourcecode.swift; path = SuggestedPlayHelper.swift; sourceTree = "<group>"; };
		DDD83C32210DFEE30086B9D8 /* GlowingButton.swift */ = {isa = PBXFileReference; lastKnownFileType = sourcecode.swift; path = GlowingButton.swift; sourceTree = "<group>"; };
/* End PBXFileReference section */

/* Begin PBXFrameworksBuildPhase section */
		DD906DA320D4C2E600501074 /* Frameworks */ = {
			isa = PBXFrameworksBuildPhase;
			buildActionMask = 2147483647;
			files = (
				F834ED5B7C546F174F0C41D3 /* Pods_BlackjackBuddy.framework in Frameworks */,
			);
			runOnlyForDeploymentPostprocessing = 0;
		};
		DD906DBA20D4C2E800501074 /* Frameworks */ = {
			isa = PBXFrameworksBuildPhase;
			buildActionMask = 2147483647;
			files = (
			);
			runOnlyForDeploymentPostprocessing = 0;
		};
		DD906DC520D4C2E800501074 /* Frameworks */ = {
			isa = PBXFrameworksBuildPhase;
			buildActionMask = 2147483647;
			files = (
			);
			runOnlyForDeploymentPostprocessing = 0;
		};
/* End PBXFrameworksBuildPhase section */

/* Begin PBXGroup section */
		DD4AEF7320D4E69D001235BA /* Models */ = {
			isa = PBXGroup;
			children = (
				DD4AEF7420D4E6B2001235BA /* Card.swift */,
				DD4AEF7920D4E914001235BA /* Player.swift */,
				DD4AEF7B20D4EAC8001235BA /* Dealer.swift */,
				DD4AEF7D20D4EB83001235BA /* Deck.swift */,
				DD4AF53520D76CCE001235BA /* PlayerSettings.swift */,
				DDB26A15210DAB00001564A9 /* PlayerRecord.swift */,
			);
			path = Models;
			sourceTree = "<group>";
		};
		DD4AEF7620D4E894001235BA /* Enumerations */ = {
			isa = PBXGroup;
			children = (
				DD4AEF7720D4E8A3001235BA /* CARD_SUIT.swift */,
				DD4AEF7F20D4F3FD001235BA /* CARD_RANK.swift */,
				DD4AEF8120D51D03001235BA /* USER_ACTION.swift */,
				DD4AF52620D593A1001235BA /* ELEMENT_STATE.swift */,
				DD4AF52820D59455001235BA /* ELEMENT_TYPE.swift */,
				DDD83C2E210DC0D80086B9D8 /* HAND_VALUE_TYPE.swift */,
			);
			path = Enumerations;
			sourceTree = "<group>";
		};
		DD4AF2F820D5520A001235BA /* Fonts */ = {
			isa = PBXGroup;
			children = (
				DD4C71FD20DA433C004E5720 /* FuraMono-Bold Powerline.otf */,
				DD4C720220DA433F004E5720 /* FuraMono-Medium Powerline.otf */,
				DD4C720120DA433E004E5720 /* FuraMono-Regular Powerline.otf */,
				DD4C720820DA4342004E5720 /* Roboto Mono Bold for Powerline.ttf */,
				DD4C71FC20DA433B004E5720 /* Roboto Mono Bold Italic for Powerline.ttf */,
				DD4C71FE20DA433C004E5720 /* Roboto Mono for Powerline.ttf */,
				DD4C720420DA4340004E5720 /* Roboto Mono Italic for Powerline.ttf */,
				DD4C720620DA4341004E5720 /* Roboto Mono Light for Powerline.ttf */,
				DD4C720520DA4340004E5720 /* Roboto Mono Light Italic for Powerline.ttf */,
				DD4C720320DA433F004E5720 /* Roboto Mono Medium for Powerline.ttf */,
				DD4C71FF20DA433D004E5720 /* Roboto Mono Medium Italic for Powerline.ttf */,
				DD4C720720DA4341004E5720 /* Roboto Mono Thin for Powerline.ttf */,
				DD4C720020DA433D004E5720 /* Roboto Mono Thin Italic for Powerline.ttf */,
			);
			path = Fonts;
			sourceTree = "<group>";
		};
		DD4AF52320D58212001235BA /* Extensions */ = {
			isa = PBXGroup;
			children = (
				DD4AF52420D58238001235BA /* PaddingLabel.swift */,
				DD5C034420D9F9F3004B2843 /* UIViewSafeArea.swift */,
				DD4C71D720DA36C1004E5720 /* UIViewSubViews.swift */,
				834FACE620DC344A00D2F8C3 /* UIFontSize.swift */,
				DD1335DA20E60B9700FAE7A9 /* UIDeviceInfo.swift */,
				DDD83C32210DFEE30086B9D8 /* GlowingButton.swift */,
			);
			path = Extensions;
			sourceTree = "<group>";
		};
		DD4AF52A20D59FF8001235BA /* Frameworks */ = {
			isa = PBXGroup;
			children = (
				99835842FE92FD03AA463092 /* Pods_BlackjackBuddy.framework */,
			);
			name = Frameworks;
			sourceTree = "<group>";
		};
		DD4AF53220D769CD001235BA /* Configuration */ = {
			isa = PBXGroup;
			children = (
				DD4AF53320D769EC001235BA /* config.swift */,
			);
			path = Configuration;
			sourceTree = "<group>";
		};
		DD4AF53720D9D569001235BA /* Helpers */ = {
			isa = PBXGroup;
			children = (
				DD4AF53820D9D588001235BA /* PaddingHelper.swift */,
				DD4AF53A20D9D6B7001235BA /* CardHelper.swift */,
				DD1335DC20E6157300FAE7A9 /* TapticHelper.swift */,
				DDCE72A12109BFC100C75A4B /* LayoutHelper.swift */,
				DDD83C30210DFBFE0086B9D8 /* SuggestedPlayHelper.swift */,
			);
			path = Helpers;
			sourceTree = "<group>";
		};
		DD906D9D20D4C2E600501074 = {
			isa = PBXGroup;
			children = (
				DD906DA820D4C2E600501074 /* BlackJackBuddy */,
				DD906DC020D4C2E800501074 /* BlackJackBuddyTests */,
				DD906DCB20D4C2E800501074 /* BlackJackBuddyUITests */,
				DD906DA720D4C2E600501074 /* Products */,
				DD4AF52A20D59FF8001235BA /* Frameworks */,
				F49333F8260CE2C915074658 /* Pods */,
			);
			sourceTree = "<group>";
		};
		DD906DA720D4C2E600501074 /* Products */ = {
			isa = PBXGroup;
			children = (
				DD906DA620D4C2E600501074 /* BlackjackBuddy.app */,
				DD906DBD20D4C2E800501074 /* BlackjackBuddyTests.xctest */,
				DD906DC820D4C2E800501074 /* BlackjackBuddyUITests.xctest */,
			);
			name = Products;
			sourceTree = "<group>";
		};
		DD906DA820D4C2E600501074 /* BlackJackBuddy */ = {
			isa = PBXGroup;
			children = (
				DDB26A14210DA9A8001564A9 /* Storyboards */,
				DDA7DB7E210DA84700A01979 /* ViewControllers */,
				DD4AF53720D9D569001235BA /* Helpers */,
				DD4AF53220D769CD001235BA /* Configuration */,
				DD4AF52320D58212001235BA /* Extensions */,
				DD4AF2F820D5520A001235BA /* Fonts */,
				DD4AEF7620D4E894001235BA /* Enumerations */,
				DD4AEF7320D4E69D001235BA /* Models */,
				DD906DA920D4C2E600501074 /* AppDelegate.swift */,
				DD906DB320D4C2E800501074 /* Assets.xcassets */,
				DD906DB820D4C2E800501074 /* Info.plist */,
				DD906DB020D4C2E600501074 /* BlackJackBuddy.xcdatamodeld */,
				DDB26A17210DB09D001564A9 /* SharingManager.swift */,
			);
			path = BlackJackBuddy;
			sourceTree = "<group>";
		};
		DD906DC020D4C2E800501074 /* BlackJackBuddyTests */ = {
			isa = PBXGroup;
			children = (
				DD906DC120D4C2E800501074 /* BlackJackBuddyTests.swift */,
				DD906DC320D4C2E800501074 /* Info.plist */,
			);
			path = BlackJackBuddyTests;
			sourceTree = "<group>";
		};
		DD906DCB20D4C2E800501074 /* BlackJackBuddyUITests */ = {
			isa = PBXGroup;
			children = (
				DD906DCC20D4C2E800501074 /* BlackJackBuddyUITests.swift */,
				DD906DCE20D4C2E800501074 /* Info.plist */,
			);
			path = BlackJackBuddyUITests;
			sourceTree = "<group>";
		};
		DDA7DB7E210DA84700A01979 /* ViewControllers */ = {
			isa = PBXGroup;
			children = (
				DD906DAB20D4C2E600501074 /* BlackJackViewController.swift */,
				834FACE020DABA6D00D2F8C3 /* UserSetupViewController.swift */,
			);
			path = ViewControllers;
			sourceTree = "<group>";
		};
		DDB26A14210DA9A8001564A9 /* Storyboards */ = {
			isa = PBXGroup;
			children = (
				DD906DAD20D4C2E600501074 /* Main.storyboard */,
				DD906DB520D4C2E800501074 /* LaunchScreen.storyboard */,
			);
			path = Storyboards;
			sourceTree = "<group>";
		};
		F49333F8260CE2C915074658 /* Pods */ = {
			isa = PBXGroup;
			children = (
				D2D1953746542866FC0287BF /* Pods-BlackjackBuddy.debug.xcconfig */,
				4E9DAB52EC393402D7B2E898 /* Pods-BlackjackBuddy.release.xcconfig */,
			);
			name = Pods;
			sourceTree = "<group>";
		};
/* End PBXGroup section */

/* Begin PBXNativeTarget section */
		DD906DA520D4C2E600501074 /* BlackjackBuddy */ = {
			isa = PBXNativeTarget;
			buildConfigurationList = DD906DD120D4C2E800501074 /* Build configuration list for PBXNativeTarget "BlackjackBuddy" */;
			buildPhases = (
				FB0AAD0EA3ABAC2F101CB481 /* [CP] Check Pods Manifest.lock */,
				DD12908A20DA572500B8F35F /* ShellScript */,
				DD906DA220D4C2E600501074 /* Sources */,
				DD906DA320D4C2E600501074 /* Frameworks */,
				DD906DA420D4C2E600501074 /* Resources */,
				B335A38D500D0CD881A41223 /* [CP] Embed Pods Frameworks */,
			);
			buildRules = (
			);
			dependencies = (
			);
			name = BlackjackBuddy;
			productName = BlackjackBuddy;
			productReference = DD906DA620D4C2E600501074 /* BlackjackBuddy.app */;
			productType = "com.apple.product-type.application";
		};
		DD906DBC20D4C2E800501074 /* BlackjackBuddyTests */ = {
			isa = PBXNativeTarget;
			buildConfigurationList = DD906DD420D4C2E800501074 /* Build configuration list for PBXNativeTarget "BlackjackBuddyTests" */;
			buildPhases = (
				DD906DB920D4C2E800501074 /* Sources */,
				DD906DBA20D4C2E800501074 /* Frameworks */,
				DD906DBB20D4C2E800501074 /* Resources */,
			);
			buildRules = (
			);
			dependencies = (
				DD906DBF20D4C2E800501074 /* PBXTargetDependency */,
			);
			name = BlackjackBuddyTests;
			productName = BlackjackBuddyTests;
			productReference = DD906DBD20D4C2E800501074 /* BlackjackBuddyTests.xctest */;
			productType = "com.apple.product-type.bundle.unit-test";
		};
		DD906DC720D4C2E800501074 /* BlackjackBuddyUITests */ = {
			isa = PBXNativeTarget;
			buildConfigurationList = DD906DD720D4C2E800501074 /* Build configuration list for PBXNativeTarget "BlackjackBuddyUITests" */;
			buildPhases = (
				DD906DC420D4C2E800501074 /* Sources */,
				DD906DC520D4C2E800501074 /* Frameworks */,
				DD906DC620D4C2E800501074 /* Resources */,
			);
			buildRules = (
			);
			dependencies = (
				DD906DCA20D4C2E800501074 /* PBXTargetDependency */,
			);
			name = BlackjackBuddyUITests;
			productName = BlackjackBuddyUITests;
			productReference = DD906DC820D4C2E800501074 /* BlackjackBuddyUITests.xctest */;
			productType = "com.apple.product-type.bundle.ui-testing";
		};
/* End PBXNativeTarget section */

/* Begin PBXProject section */
		DD906D9E20D4C2E600501074 /* Project object */ = {
			isa = PBXProject;
			attributes = {
				LastSwiftUpdateCheck = 0940;
				LastUpgradeCheck = 0940;
				ORGANIZATIONNAME = "Jon Simington";
				TargetAttributes = {
					DD906DA520D4C2E600501074 = {
						CreatedOnToolsVersion = 9.4.1;
						LastSwiftMigration = 1000;
						SystemCapabilities = {
							com.apple.InAppPurchase = {
								enabled = 0;
							};
						};
					};
					DD906DBC20D4C2E800501074 = {
						CreatedOnToolsVersion = 9.4.1;
						LastSwiftMigration = 1000;
						TestTargetID = DD906DA520D4C2E600501074;
					};
					DD906DC720D4C2E800501074 = {
						CreatedOnToolsVersion = 9.4.1;
						LastSwiftMigration = 1000;
						TestTargetID = DD906DA520D4C2E600501074;
					};
				};
			};
			buildConfigurationList = DD906DA120D4C2E600501074 /* Build configuration list for PBXProject "BlackJackBuddy" */;
			compatibilityVersion = "Xcode 9.3";
			developmentRegion = en;
			hasScannedForEncodings = 0;
			knownRegions = (
				en,
				Base,
			);
			mainGroup = DD906D9D20D4C2E600501074;
			productRefGroup = DD906DA720D4C2E600501074 /* Products */;
			projectDirPath = "";
			projectRoot = "";
			targets = (
				DD906DA520D4C2E600501074 /* BlackjackBuddy */,
				DD906DBC20D4C2E800501074 /* BlackjackBuddyTests */,
				DD906DC720D4C2E800501074 /* BlackjackBuddyUITests */,
			);
		};
/* End PBXProject section */

/* Begin PBXResourcesBuildPhase section */
		DD906DA420D4C2E600501074 /* Resources */ = {
			isa = PBXResourcesBuildPhase;
			buildActionMask = 2147483647;
			files = (
				DD4C720920DA4342004E5720 /* Roboto Mono Bold Italic for Powerline.ttf in Resources */,
				DD4C720A20DA4342004E5720 /* FuraMono-Bold Powerline.otf in Resources */,
				DD4C720B20DA4342004E5720 /* Roboto Mono for Powerline.ttf in Resources */,
				DD4C720C20DA4342004E5720 /* Roboto Mono Medium Italic for Powerline.ttf in Resources */,
				DD4C720D20DA4342004E5720 /* Roboto Mono Thin Italic for Powerline.ttf in Resources */,
				DD4C720E20DA4342004E5720 /* FuraMono-Regular Powerline.otf in Resources */,
				DD4C720F20DA4342004E5720 /* FuraMono-Medium Powerline.otf in Resources */,
				DD4C721020DA4342004E5720 /* Roboto Mono Medium for Powerline.ttf in Resources */,
				DD4C721120DA4342004E5720 /* Roboto Mono Italic for Powerline.ttf in Resources */,
				DD4C721220DA4342004E5720 /* Roboto Mono Light Italic for Powerline.ttf in Resources */,
				DD4C721320DA4342004E5720 /* Roboto Mono Light for Powerline.ttf in Resources */,
				DD4C721420DA4342004E5720 /* Roboto Mono Thin for Powerline.ttf in Resources */,
				DD4C721520DA4342004E5720 /* Roboto Mono Bold for Powerline.ttf in Resources */,
				DD906DB720D4C2E800501074 /* LaunchScreen.storyboard in Resources */,
				DD906DB420D4C2E800501074 /* Assets.xcassets in Resources */,
				DD906DAF20D4C2E600501074 /* Main.storyboard in Resources */,
			);
			runOnlyForDeploymentPostprocessing = 0;
		};
		DD906DBB20D4C2E800501074 /* Resources */ = {
			isa = PBXResourcesBuildPhase;
			buildActionMask = 2147483647;
			files = (
			);
			runOnlyForDeploymentPostprocessing = 0;
		};
		DD906DC620D4C2E800501074 /* Resources */ = {
			isa = PBXResourcesBuildPhase;
			buildActionMask = 2147483647;
			files = (
			);
			runOnlyForDeploymentPostprocessing = 0;
		};
/* End PBXResourcesBuildPhase section */

/* Begin PBXShellScriptBuildPhase section */
		B335A38D500D0CD881A41223 /* [CP] Embed Pods Frameworks */ = {
			isa = PBXShellScriptBuildPhase;
			buildActionMask = 2147483647;
			files = (
			);
			inputPaths = (
				"${SRCROOT}/BlackJackBuddy/Pods/Target Support Files/Pods-BlackjackBuddy/Pods-BlackjackBuddy-frameworks.sh",
				"${BUILT_PRODUCTS_DIR}/HandySwift/HandySwift.framework",
				"${BUILT_PRODUCTS_DIR}/SnapKit/SnapKit.framework",
			);
			name = "[CP] Embed Pods Frameworks";
			outputPaths = (
				"${TARGET_BUILD_DIR}/${FRAMEWORKS_FOLDER_PATH}/HandySwift.framework",
				"${TARGET_BUILD_DIR}/${FRAMEWORKS_FOLDER_PATH}/SnapKit.framework",
			);
			runOnlyForDeploymentPostprocessing = 0;
			shellPath = /bin/sh;
			shellScript = "\"${SRCROOT}/BlackJackBuddy/Pods/Target Support Files/Pods-BlackjackBuddy/Pods-BlackjackBuddy-frameworks.sh\"\n";
			showEnvVarsInLog = 0;
		};
		DD12908A20DA572500B8F35F /* ShellScript */ = {
			isa = PBXShellScriptBuildPhase;
			buildActionMask = 2147483647;
			files = (
			);
			inputPaths = (
			);
			outputPaths = (
			);
			runOnlyForDeploymentPostprocessing = 0;
			shellPath = /bin/sh;
			shellScript = "#\"${PODS_ROOT}/SwiftFormat/CommandLineTool/swiftformat\" \"~/code/blackjackbuddy\"";
		};
		FB0AAD0EA3ABAC2F101CB481 /* [CP] Check Pods Manifest.lock */ = {
			isa = PBXShellScriptBuildPhase;
			buildActionMask = 2147483647;
			files = (
			);
			inputPaths = (
				"${PODS_PODFILE_DIR_PATH}/Podfile.lock",
				"${PODS_ROOT}/Manifest.lock",
			);
			name = "[CP] Check Pods Manifest.lock";
			outputPaths = (
				"$(DERIVED_FILE_DIR)/Pods-BlackjackBuddy-checkManifestLockResult.txt",
			);
			runOnlyForDeploymentPostprocessing = 0;
			shellPath = /bin/sh;
			shellScript = "diff \"${PODS_PODFILE_DIR_PATH}/Podfile.lock\" \"${PODS_ROOT}/Manifest.lock\" > /dev/null\nif [ $? != 0 ] ; then\n    # print error to STDERR\n    echo \"error: The sandbox is not in sync with the Podfile.lock. Run 'pod install' or update your CocoaPods installation.\" >&2\n    exit 1\nfi\n# This output is used by Xcode 'outputs' to avoid re-running this script phase.\necho \"SUCCESS\" > \"${SCRIPT_OUTPUT_FILE_0}\"\n";
			showEnvVarsInLog = 0;
		};
/* End PBXShellScriptBuildPhase section */

/* Begin PBXSourcesBuildPhase section */
		DD906DA220D4C2E600501074 /* Sources */ = {
			isa = PBXSourcesBuildPhase;
			buildActionMask = 2147483647;
			files = (
				DD5C034520D9F9F3004B2843 /* UIViewSafeArea.swift in Sources */,
				834FACE720DC344A00D2F8C3 /* UIFontSize.swift in Sources */,
				DD4AEF7820D4E8A3001235BA /* CARD_SUIT.swift in Sources */,
				DD4AEF7C20D4EAC8001235BA /* Dealer.swift in Sources */,
				DDD83C2F210DC0D80086B9D8 /* HAND_VALUE_TYPE.swift in Sources */,
				DDD83C31210DFBFE0086B9D8 /* SuggestedPlayHelper.swift in Sources */,
				DD906DB220D4C2E600501074 /* BlackJackBuddy.xcdatamodeld in Sources */,
				DD4AF52720D593A1001235BA /* ELEMENT_STATE.swift in Sources */,
				DD4AF53920D9D588001235BA /* PaddingHelper.swift in Sources */,
				DD4AF52920D59455001235BA /* ELEMENT_TYPE.swift in Sources */,
				DDB26A18210DB09D001564A9 /* SharingManager.swift in Sources */,
				DD4AEF7E20D4EB83001235BA /* Deck.swift in Sources */,
				DD906DAA20D4C2E600501074 /* AppDelegate.swift in Sources */,
				DD4AEF8020D4F3FD001235BA /* CARD_RANK.swift in Sources */,
				DD4AEF7A20D4E914001235BA /* Player.swift in Sources */,
				DD4AEF8220D51D03001235BA /* USER_ACTION.swift in Sources */,
				DD4AF53420D769EC001235BA /* config.swift in Sources */,
				DD4AF53B20D9D6B7001235BA /* CardHelper.swift in Sources */,
				DD1335DB20E60B9700FAE7A9 /* UIDeviceInfo.swift in Sources */,
				DDB26A16210DAB00001564A9 /* PlayerRecord.swift in Sources */,
				DD4AEF7520D4E6B2001235BA /* Card.swift in Sources */,
				DD4AF52520D58238001235BA /* PaddingLabel.swift in Sources */,
				DD4C71D820DA36C1004E5720 /* UIViewSubViews.swift in Sources */,
				DDCE72A22109BFC100C75A4B /* LayoutHelper.swift in Sources */,
				DD1335DD20E6157300FAE7A9 /* TapticHelper.swift in Sources */,
				83EC07F520DC5ED300A252F1 /* BlackJackViewController.swift in Sources */,
				DDD83C33210DFEE30086B9D8 /* GlowingButton.swift in Sources */,
				DD4AF53620D76CCE001235BA /* PlayerSettings.swift in Sources */,
				834FACE120DABA6D00D2F8C3 /* UserSetupViewController.swift in Sources */,
			);
			runOnlyForDeploymentPostprocessing = 0;
		};
		DD906DB920D4C2E800501074 /* Sources */ = {
			isa = PBXSourcesBuildPhase;
			buildActionMask = 2147483647;
			files = (
				DD906DC220D4C2E800501074 /* BlackJackBuddyTests.swift in Sources */,
			);
			runOnlyForDeploymentPostprocessing = 0;
		};
		DD906DC420D4C2E800501074 /* Sources */ = {
			isa = PBXSourcesBuildPhase;
			buildActionMask = 2147483647;
			files = (
				DD906DCD20D4C2E800501074 /* BlackJackBuddyUITests.swift in Sources */,
			);
			runOnlyForDeploymentPostprocessing = 0;
		};
/* End PBXSourcesBuildPhase section */

/* Begin PBXTargetDependency section */
		DD906DBF20D4C2E800501074 /* PBXTargetDependency */ = {
			isa = PBXTargetDependency;
			target = DD906DA520D4C2E600501074 /* BlackjackBuddy */;
			targetProxy = DD906DBE20D4C2E800501074 /* PBXContainerItemProxy */;
		};
		DD906DCA20D4C2E800501074 /* PBXTargetDependency */ = {
			isa = PBXTargetDependency;
			target = DD906DA520D4C2E600501074 /* BlackjackBuddy */;
			targetProxy = DD906DC920D4C2E800501074 /* PBXContainerItemProxy */;
		};
/* End PBXTargetDependency section */

/* Begin PBXVariantGroup section */
		DD906DAD20D4C2E600501074 /* Main.storyboard */ = {
			isa = PBXVariantGroup;
			children = (
				DD906DAE20D4C2E600501074 /* Base */,
			);
			name = Main.storyboard;
			sourceTree = "<group>";
		};
		DD906DB520D4C2E800501074 /* LaunchScreen.storyboard */ = {
			isa = PBXVariantGroup;
			children = (
				DD906DB620D4C2E800501074 /* Base */,
			);
			name = LaunchScreen.storyboard;
			sourceTree = "<group>";
		};
/* End PBXVariantGroup section */

/* Begin XCBuildConfiguration section */
		DD906DCF20D4C2E800501074 /* Debug */ = {
			isa = XCBuildConfiguration;
			buildSettings = {
				ALWAYS_SEARCH_USER_PATHS = NO;
				CLANG_ANALYZER_NONNULL = YES;
				CLANG_ANALYZER_NUMBER_OBJECT_CONVERSION = YES_AGGRESSIVE;
				CLANG_CXX_LANGUAGE_STANDARD = "gnu++14";
				CLANG_CXX_LIBRARY = "libc++";
				CLANG_ENABLE_MODULES = YES;
				CLANG_ENABLE_OBJC_ARC = YES;
				CLANG_ENABLE_OBJC_WEAK = YES;
				CLANG_WARN_BLOCK_CAPTURE_AUTORELEASING = YES;
				CLANG_WARN_BOOL_CONVERSION = YES;
				CLANG_WARN_COMMA = YES;
				CLANG_WARN_CONSTANT_CONVERSION = YES;
				CLANG_WARN_DEPRECATED_OBJC_IMPLEMENTATIONS = YES;
				CLANG_WARN_DIRECT_OBJC_ISA_USAGE = YES_ERROR;
				CLANG_WARN_DOCUMENTATION_COMMENTS = YES;
				CLANG_WARN_EMPTY_BODY = YES;
				CLANG_WARN_ENUM_CONVERSION = YES;
				CLANG_WARN_INFINITE_RECURSION = YES;
				CLANG_WARN_INT_CONVERSION = YES;
				CLANG_WARN_NON_LITERAL_NULL_CONVERSION = YES;
				CLANG_WARN_OBJC_IMPLICIT_RETAIN_SELF = YES;
				CLANG_WARN_OBJC_LITERAL_CONVERSION = YES;
				CLANG_WARN_OBJC_ROOT_CLASS = YES_ERROR;
				CLANG_WARN_RANGE_LOOP_ANALYSIS = YES;
				CLANG_WARN_STRICT_PROTOTYPES = YES;
				CLANG_WARN_SUSPICIOUS_MOVE = YES;
				CLANG_WARN_UNGUARDED_AVAILABILITY = YES_AGGRESSIVE;
				CLANG_WARN_UNREACHABLE_CODE = YES;
				CLANG_WARN__DUPLICATE_METHOD_MATCH = YES;
				CODE_SIGN_IDENTITY = "iPhone Developer";
				COPY_PHASE_STRIP = NO;
				DEBUG_INFORMATION_FORMAT = dwarf;
				ENABLE_STRICT_OBJC_MSGSEND = YES;
				ENABLE_TESTABILITY = YES;
				GCC_C_LANGUAGE_STANDARD = gnu11;
				GCC_DYNAMIC_NO_PIC = NO;
				GCC_NO_COMMON_BLOCKS = YES;
				GCC_OPTIMIZATION_LEVEL = 0;
				GCC_PREPROCESSOR_DEFINITIONS = (
					"DEBUG=1",
					"$(inherited)",
				);
				GCC_WARN_64_TO_32_BIT_CONVERSION = YES;
				GCC_WARN_ABOUT_RETURN_TYPE = YES_ERROR;
				GCC_WARN_UNDECLARED_SELECTOR = YES;
				GCC_WARN_UNINITIALIZED_AUTOS = YES_AGGRESSIVE;
				GCC_WARN_UNUSED_FUNCTION = YES;
				GCC_WARN_UNUSED_VARIABLE = YES;
				IPHONEOS_DEPLOYMENT_TARGET = 11.4;
				MTL_ENABLE_DEBUG_INFO = YES;
				ONLY_ACTIVE_ARCH = YES;
				SDKROOT = iphoneos;
				SWIFT_ACTIVE_COMPILATION_CONDITIONS = DEBUG;
				SWIFT_OPTIMIZATION_LEVEL = "-Onone";
			};
			name = Debug;
		};
		DD906DD020D4C2E800501074 /* Release */ = {
			isa = XCBuildConfiguration;
			buildSettings = {
				ALWAYS_SEARCH_USER_PATHS = NO;
				CLANG_ANALYZER_NONNULL = YES;
				CLANG_ANALYZER_NUMBER_OBJECT_CONVERSION = YES_AGGRESSIVE;
				CLANG_CXX_LANGUAGE_STANDARD = "gnu++14";
				CLANG_CXX_LIBRARY = "libc++";
				CLANG_ENABLE_MODULES = YES;
				CLANG_ENABLE_OBJC_ARC = YES;
				CLANG_ENABLE_OBJC_WEAK = YES;
				CLANG_WARN_BLOCK_CAPTURE_AUTORELEASING = YES;
				CLANG_WARN_BOOL_CONVERSION = YES;
				CLANG_WARN_COMMA = YES;
				CLANG_WARN_CONSTANT_CONVERSION = YES;
				CLANG_WARN_DEPRECATED_OBJC_IMPLEMENTATIONS = YES;
				CLANG_WARN_DIRECT_OBJC_ISA_USAGE = YES_ERROR;
				CLANG_WARN_DOCUMENTATION_COMMENTS = YES;
				CLANG_WARN_EMPTY_BODY = YES;
				CLANG_WARN_ENUM_CONVERSION = YES;
				CLANG_WARN_INFINITE_RECURSION = YES;
				CLANG_WARN_INT_CONVERSION = YES;
				CLANG_WARN_NON_LITERAL_NULL_CONVERSION = YES;
				CLANG_WARN_OBJC_IMPLICIT_RETAIN_SELF = YES;
				CLANG_WARN_OBJC_LITERAL_CONVERSION = YES;
				CLANG_WARN_OBJC_ROOT_CLASS = YES_ERROR;
				CLANG_WARN_RANGE_LOOP_ANALYSIS = YES;
				CLANG_WARN_STRICT_PROTOTYPES = YES;
				CLANG_WARN_SUSPICIOUS_MOVE = YES;
				CLANG_WARN_UNGUARDED_AVAILABILITY = YES_AGGRESSIVE;
				CLANG_WARN_UNREACHABLE_CODE = YES;
				CLANG_WARN__DUPLICATE_METHOD_MATCH = YES;
				CODE_SIGN_IDENTITY = "iPhone Developer";
				COPY_PHASE_STRIP = NO;
				DEBUG_INFORMATION_FORMAT = "dwarf-with-dsym";
				ENABLE_NS_ASSERTIONS = NO;
				ENABLE_STRICT_OBJC_MSGSEND = YES;
				GCC_C_LANGUAGE_STANDARD = gnu11;
				GCC_NO_COMMON_BLOCKS = YES;
				GCC_WARN_64_TO_32_BIT_CONVERSION = YES;
				GCC_WARN_ABOUT_RETURN_TYPE = YES_ERROR;
				GCC_WARN_UNDECLARED_SELECTOR = YES;
				GCC_WARN_UNINITIALIZED_AUTOS = YES_AGGRESSIVE;
				GCC_WARN_UNUSED_FUNCTION = YES;
				GCC_WARN_UNUSED_VARIABLE = YES;
				IPHONEOS_DEPLOYMENT_TARGET = 11.4;
				MTL_ENABLE_DEBUG_INFO = NO;
				SDKROOT = iphoneos;
				SWIFT_COMPILATION_MODE = wholemodule;
				SWIFT_OPTIMIZATION_LEVEL = "-O";
				VALIDATE_PRODUCT = YES;
			};
			name = Release;
		};
		DD906DD220D4C2E800501074 /* Debug */ = {
			isa = XCBuildConfiguration;
			baseConfigurationReference = D2D1953746542866FC0287BF /* Pods-BlackjackBuddy.debug.xcconfig */;
			buildSettings = {
				ASSETCATALOG_COMPILER_APPICON_NAME = AppIcon;
				CODE_SIGN_STYLE = Automatic;
				COPY_HEADERS_RUN_UNIFDEF = YES;
				DEVELOPMENT_TEAM = PS325E4877;
				GENERATE_PROFILING_CODE = NO;
				INFOPLIST_FILE = "$(SRCROOT)/BlackjackBuddy/Info.plist";
				IPHONEOS_DEPLOYMENT_TARGET = 11.3;
				LD_RUNPATH_SEARCH_PATHS = (
					"$(inherited)",
					"@executable_path/Frameworks",
				);
				PRODUCT_BUNDLE_IDENTIFIER = io.simington.blackjackbuddy;
				PRODUCT_NAME = "$(TARGET_NAME)";
				SWIFT_VERSION = 4.2;
				TARGETED_DEVICE_FAMILY = "1,2";
			};
			name = Debug;
		};
		DD906DD320D4C2E800501074 /* Release */ = {
			isa = XCBuildConfiguration;
			baseConfigurationReference = 4E9DAB52EC393402D7B2E898 /* Pods-BlackjackBuddy.release.xcconfig */;
			buildSettings = {
				ASSETCATALOG_COMPILER_APPICON_NAME = AppIcon;
				CODE_SIGN_STYLE = Automatic;
				COPY_HEADERS_RUN_UNIFDEF = YES;
				DEVELOPMENT_TEAM = PS325E4877;
				GENERATE_PROFILING_CODE = NO;
				INFOPLIST_FILE = "$(SRCROOT)/BlackjackBuddy/Info.plist";
				IPHONEOS_DEPLOYMENT_TARGET = 11.3;
				LD_RUNPATH_SEARCH_PATHS = (
					"$(inherited)",
					"@executable_path/Frameworks",
				);
				PRODUCT_BUNDLE_IDENTIFIER = io.simington.blackjackbuddy;
				PRODUCT_NAME = "$(TARGET_NAME)";
				SWIFT_VERSION = 4.2;
				TARGETED_DEVICE_FAMILY = "1,2";
			};
			name = Release;
		};
		DD906DD520D4C2E800501074 /* Debug */ = {
			isa = XCBuildConfiguration;
			buildSettings = {
				ALWAYS_EMBED_SWIFT_STANDARD_LIBRARIES = YES;
				BUNDLE_LOADER = "$(TEST_HOST)";
				CODE_SIGN_STYLE = Automatic;
				DEVELOPMENT_TEAM = PS325E4877;
				INFOPLIST_FILE = BlackjackBuddyTests/Info.plist;
				LD_RUNPATH_SEARCH_PATHS = (
					"$(inherited)",
					"@executable_path/Frameworks",
					"@loader_path/Frameworks",
				);
				PRODUCT_BUNDLE_IDENTIFIER = io.simington.BlackjackBuddyTests;
				PRODUCT_NAME = "$(TARGET_NAME)";
				SWIFT_VERSION = 4.2;
				TARGETED_DEVICE_FAMILY = "1,2";
				TEST_HOST = "$(BUILT_PRODUCTS_DIR)/BlackjackBuddy.app/BlackjackBuddy";
			};
			name = Debug;
		};
		DD906DD620D4C2E800501074 /* Release */ = {
			isa = XCBuildConfiguration;
			buildSettings = {
				ALWAYS_EMBED_SWIFT_STANDARD_LIBRARIES = YES;
				BUNDLE_LOADER = "$(TEST_HOST)";
				CODE_SIGN_STYLE = Automatic;
				DEVELOPMENT_TEAM = PS325E4877;
				INFOPLIST_FILE = BlackjackBuddyTests/Info.plist;
				LD_RUNPATH_SEARCH_PATHS = (
					"$(inherited)",
					"@executable_path/Frameworks",
					"@loader_path/Frameworks",
				);
				PRODUCT_BUNDLE_IDENTIFIER = io.simington.BlackjackBuddyTests;
				PRODUCT_NAME = "$(TARGET_NAME)";
				SWIFT_VERSION = 4.2;
				TARGETED_DEVICE_FAMILY = "1,2";
				TEST_HOST = "$(BUILT_PRODUCTS_DIR)/BlackjackBuddy.app/BlackjackBuddy";
			};
			name = Release;
		};
		DD906DD820D4C2E800501074 /* Debug */ = {
			isa = XCBuildConfiguration;
			buildSettings = {
				ALWAYS_EMBED_SWIFT_STANDARD_LIBRARIES = YES;
				CODE_SIGN_STYLE = Automatic;
				DEVELOPMENT_TEAM = PS325E4877;
				INFOPLIST_FILE = BlackjackBuddyUITests/Info.plist;
				LD_RUNPATH_SEARCH_PATHS = (
					"$(inherited)",
					"@executable_path/Frameworks",
					"@loader_path/Frameworks",
				);
				PRODUCT_BUNDLE_IDENTIFIER = io.simington.BlackjackBuddyUITests;
				PRODUCT_NAME = "$(TARGET_NAME)";
				SWIFT_VERSION = 4.2;
				TARGETED_DEVICE_FAMILY = "1,2";
				TEST_TARGET_NAME = BlackjackBuddy;
			};
			name = Debug;
		};
		DD906DD920D4C2E800501074 /* Release */ = {
			isa = XCBuildConfiguration;
			buildSettings = {
				ALWAYS_EMBED_SWIFT_STANDARD_LIBRARIES = YES;
				CODE_SIGN_STYLE = Automatic;
				DEVELOPMENT_TEAM = PS325E4877;
				INFOPLIST_FILE = BlackjackBuddyUITests/Info.plist;
				LD_RUNPATH_SEARCH_PATHS = (
					"$(inherited)",
					"@executable_path/Frameworks",
					"@loader_path/Frameworks",
				);
				PRODUCT_BUNDLE_IDENTIFIER = io.simington.BlackjackBuddyUITests;
				PRODUCT_NAME = "$(TARGET_NAME)";
				SWIFT_VERSION = 4.2;
				TARGETED_DEVICE_FAMILY = "1,2";
				TEST_TARGET_NAME = BlackjackBuddy;
			};
			name = Release;
		};
/* End XCBuildConfiguration section */

/* Begin XCConfigurationList section */
		DD906DA120D4C2E600501074 /* Build configuration list for PBXProject "BlackJackBuddy" */ = {
			isa = XCConfigurationList;
			buildConfigurations = (
				DD906DCF20D4C2E800501074 /* Debug */,
				DD906DD020D4C2E800501074 /* Release */,
			);
			defaultConfigurationIsVisible = 0;
			defaultConfigurationName = Release;
		};
		DD906DD120D4C2E800501074 /* Build configuration list for PBXNativeTarget "BlackjackBuddy" */ = {
			isa = XCConfigurationList;
			buildConfigurations = (
				DD906DD220D4C2E800501074 /* Debug */,
				DD906DD320D4C2E800501074 /* Release */,
			);
			defaultConfigurationIsVisible = 0;
			defaultConfigurationName = Release;
		};
		DD906DD420D4C2E800501074 /* Build configuration list for PBXNativeTarget "BlackjackBuddyTests" */ = {
			isa = XCConfigurationList;
			buildConfigurations = (
				DD906DD520D4C2E800501074 /* Debug */,
				DD906DD620D4C2E800501074 /* Release */,
			);
			defaultConfigurationIsVisible = 0;
			defaultConfigurationName = Release;
		};
		DD906DD720D4C2E800501074 /* Build configuration list for PBXNativeTarget "BlackjackBuddyUITests" */ = {
			isa = XCConfigurationList;
			buildConfigurations = (
				DD906DD820D4C2E800501074 /* Debug */,
				DD906DD920D4C2E800501074 /* Release */,
			);
			defaultConfigurationIsVisible = 0;
			defaultConfigurationName = Release;
		};
/* End XCConfigurationList section */

/* Begin XCVersionGroup section */
		DD906DB020D4C2E600501074 /* BlackJackBuddy.xcdatamodeld */ = {
			isa = XCVersionGroup;
			children = (
				DD906DB120D4C2E600501074 /* BlackJackBuddy.xcdatamodel */,
			);
			currentVersion = DD906DB120D4C2E600501074 /* BlackJackBuddy.xcdatamodel */;
			path = BlackJackBuddy.xcdatamodeld;
			sourceTree = "<group>";
			versionGroupType = wrapper.xcdatamodel;
		};
/* End XCVersionGroup section */
	};
	rootObject = DD906D9E20D4C2E600501074 /* Project object */;
}
